
Microsoft Visual Studio Solution File, Format Version 12.00
# Visual Studio 15
VisualStudioVersion = 15.0.28307.136
MinimumVisualStudioVersion = 10.0.40219.1
Project("{FAE04EC0-301F-11D3-BF4B-00C04F79EFBC}") = "Ejercicio_38", "Ejercicio_38\Ejercicio_38.csproj", "{C232F961-0FF3-46A8-96E2-66493A5855E0}"
EndProject
Project("{FAE04EC0-301F-11D3-BF4B-00C04F79EFBC}") = "Ejercicio_39", "Ejercicio_39\Ejercicio_39.csproj", "{938ECA65-B31B-4F36-97EB-27025CFA10DD}"
EndProject
Global
	GlobalSection(SolutionConfigurationPlatforms) = preSolution
		Debug|Any CPU = Debug|Any CPU
		Release|Any CPU = Release|Any CPU
	EndGlobalSection
	GlobalSection(ProjectConfigurationPlatforms) = postSolution
		{C232F961-0FF3-46A8-96E2-66493A5855E0}.Debug|Any CPU.ActiveCfg = Debug|Any CPU
		{C232F961-0FF3-46A8-96E2-66493A5855E0}.Debug|Any CPU.Build.0 = Debug|Any CPU
		{C232F961-0FF3-46A8-96E2-66493A5855E0}.Release|Any CPU.ActiveCfg = Release|Any CPU
		{C232F961-0FF3-46A8-96E2-66493A5855E0}.Release|Any CPU.Build.0 = Release|Any CPU
		{938ECA65-B31B-4F36-97EB-27025CFA10DD}.Debug|Any CPU.ActiveCfg = Debug|Any CPU
		{938ECA65-B31B-4F36-97EB-27025CFA10DD}.Debug|Any CPU.Build.0 = Debug|Any CPU
		{938ECA65-B31B-4F36-97EB-27025CFA10DD}.Release|Any CPU.ActiveCfg = Release|Any CPU
		{938ECA65-B31B-4F36-97EB-27025CFA10DD}.Release|Any CPU.Build.0 = Release|Any CPU
	EndGlobalSection
	GlobalSection(SolutionProperties) = preSolution
		HideSolutionNode = FALSE
	EndGlobalSection
	GlobalSection(ExtensibilityGlobals) = postSolution
		SolutionGuid = {7934F058-0654-435B-B9CD-7FCB37049D3C}
	EndGlobalSection
EndGlobal
