
Microsoft Visual Studio Solution File, Format Version 12.00
# Visual Studio 15
VisualStudioVersion = 15.0.28010.2019
MinimumVisualStudioVersion = 10.0.40219.1
Project("{FAE04EC0-301F-11D3-BF4B-00C04F79EFBC}") = "Test", "Test\Test.csproj", "{5BCB8937-E844-48A8-AB35-FAF8F9A0C62F}"
EndProject
Project("{FAE04EC0-301F-11D3-BF4B-00C04F79EFBC}") = "CentralTelefonica", "Entidades\CentralTelefonica.csproj", "{FEA16EA8-25DA-40C6-813E-32D7575C7708}"
EndProject
Global
	GlobalSection(SolutionConfigurationPlatforms) = preSolution
		Debug|Any CPU = Debug|Any CPU
		Release|Any CPU = Release|Any CPU
	EndGlobalSection
	GlobalSection(ProjectConfigurationPlatforms) = postSolution
		{5BCB8937-E844-48A8-AB35-FAF8F9A0C62F}.Debug|Any CPU.ActiveCfg = Debug|Any CPU
		{5BCB8937-E844-48A8-AB35-FAF8F9A0C62F}.Debug|Any CPU.Build.0 = Debug|Any CPU
		{5BCB8937-E844-48A8-AB35-FAF8F9A0C62F}.Release|Any CPU.ActiveCfg = Release|Any CPU
		{5BCB8937-E844-48A8-AB35-FAF8F9A0C62F}.Release|Any CPU.Build.0 = Release|Any CPU
		{FEA16EA8-25DA-40C6-813E-32D7575C7708}.Debug|Any CPU.ActiveCfg = Debug|Any CPU
		{FEA16EA8-25DA-40C6-813E-32D7575C7708}.Debug|Any CPU.Build.0 = Debug|Any CPU
		{FEA16EA8-25DA-40C6-813E-32D7575C7708}.Release|Any CPU.ActiveCfg = Release|Any CPU
		{FEA16EA8-25DA-40C6-813E-32D7575C7708}.Release|Any CPU.Build.0 = Release|Any CPU
	EndGlobalSection
	GlobalSection(SolutionProperties) = preSolution
		HideSolutionNode = FALSE
	EndGlobalSection
	GlobalSection(ExtensibilityGlobals) = postSolution
		SolutionGuid = {5CE19946-1D2C-4A1D-9D7C-AD6407C067C0}
	EndGlobalSection
EndGlobal
