
Microsoft Visual Studio Solution File, Format Version 12.00
# Visual Studio 15
VisualStudioVersion = 15.0.28010.2019
MinimumVisualStudioVersion = 10.0.40219.1
Project("{FAE04EC0-301F-11D3-BF4B-00C04F79EFBC}") = "Ejercicio_56", "Ejercicio_56\Ejercicio_56.csproj", "{886E891B-F47E-492D-8648-3E9DBA042A2D}"
EndProject
Project("{FAE04EC0-301F-11D3-BF4B-00C04F79EFBC}") = "IO", "IO\IO.csproj", "{74CDDBE6-DDCE-4550-B486-DCAF9B32ADE2}"
EndProject
Global
	GlobalSection(SolutionConfigurationPlatforms) = preSolution
		Debug|Any CPU = Debug|Any CPU
		Release|Any CPU = Release|Any CPU
	EndGlobalSection
	GlobalSection(ProjectConfigurationPlatforms) = postSolution
		{886E891B-F47E-492D-8648-3E9DBA042A2D}.Debug|Any CPU.ActiveCfg = Debug|Any CPU
		{886E891B-F47E-492D-8648-3E9DBA042A2D}.Debug|Any CPU.Build.0 = Debug|Any CPU
		{886E891B-F47E-492D-8648-3E9DBA042A2D}.Release|Any CPU.ActiveCfg = Release|Any CPU
		{886E891B-F47E-492D-8648-3E9DBA042A2D}.Release|Any CPU.Build.0 = Release|Any CPU
		{74CDDBE6-DDCE-4550-B486-DCAF9B32ADE2}.Debug|Any CPU.ActiveCfg = Debug|Any CPU
		{74CDDBE6-DDCE-4550-B486-DCAF9B32ADE2}.Debug|Any CPU.Build.0 = Debug|Any CPU
		{74CDDBE6-DDCE-4550-B486-DCAF9B32ADE2}.Release|Any CPU.ActiveCfg = Release|Any CPU
		{74CDDBE6-DDCE-4550-B486-DCAF9B32ADE2}.Release|Any CPU.Build.0 = Release|Any CPU
	EndGlobalSection
	GlobalSection(SolutionProperties) = preSolution
		HideSolutionNode = FALSE
	EndGlobalSection
	GlobalSection(ExtensibilityGlobals) = postSolution
		SolutionGuid = {57110F2B-E067-48D3-B3E6-00A0657A4A6D}
	EndGlobalSection
EndGlobal
