
Microsoft Visual Studio Solution File, Format Version 12.00
# Visual Studio 15
VisualStudioVersion = 15.0.27703.2047
MinimumVisualStudioVersion = 10.0.40219.1
Project("{9A19103F-16F7-4668-BE54-9A1E7A4F7556}") = "Clase_02", "Clase_02\Clase_02.csproj", "{68622452-2090-49E9-B602-C32E96E440D1}"
EndProject
Project("{9A19103F-16F7-4668-BE54-9A1E7A4F7556}") = "Ejercicio_11", "Ejercicio_11\Ejercicio_11.csproj", "{B600198F-0D2E-4ACA-83C8-8753E536F3FB}"
EndProject
Project("{9A19103F-16F7-4668-BE54-9A1E7A4F7556}") = "Ejercicio_12", "Ejercicio_12\Ejercicio_12.csproj", "{3AB9EF54-9737-49ED-9C19-5278325FCDB2}"
EndProject
Project("{9A19103F-16F7-4668-BE54-9A1E7A4F7556}") = "Ejercicio_13", "Ejercicio_13\Ejercicio_13.csproj", "{1F0C7B93-5432-43BA-8F2D-1259175255E4}"
EndProject
Project("{FAE04EC0-301F-11D3-BF4B-00C04F79EFBC}") = "Ejercicio_14", "Ejercicio_14\Ejercicio_14.csproj", "{D6DA51FE-E01D-461A-8339-C769DA3EBECE}"
EndProject
Project("{FAE04EC0-301F-11D3-BF4B-00C04F79EFBC}") = "Ejercicio_15", "Ejercicio_15\Ejercicio_15.csproj", "{738794E5-8D48-415A-A32A-EE7191194D45}"
EndProject
Global
	GlobalSection(SolutionConfigurationPlatforms) = preSolution
		Debug|Any CPU = Debug|Any CPU
		Release|Any CPU = Release|Any CPU
	EndGlobalSection
	GlobalSection(ProjectConfigurationPlatforms) = postSolution
		{68622452-2090-49E9-B602-C32E96E440D1}.Debug|Any CPU.ActiveCfg = Debug|Any CPU
		{68622452-2090-49E9-B602-C32E96E440D1}.Debug|Any CPU.Build.0 = Debug|Any CPU
		{68622452-2090-49E9-B602-C32E96E440D1}.Release|Any CPU.ActiveCfg = Release|Any CPU
		{68622452-2090-49E9-B602-C32E96E440D1}.Release|Any CPU.Build.0 = Release|Any CPU
		{B600198F-0D2E-4ACA-83C8-8753E536F3FB}.Debug|Any CPU.ActiveCfg = Debug|Any CPU
		{B600198F-0D2E-4ACA-83C8-8753E536F3FB}.Debug|Any CPU.Build.0 = Debug|Any CPU
		{B600198F-0D2E-4ACA-83C8-8753E536F3FB}.Release|Any CPU.ActiveCfg = Release|Any CPU
		{B600198F-0D2E-4ACA-83C8-8753E536F3FB}.Release|Any CPU.Build.0 = Release|Any CPU
		{3AB9EF54-9737-49ED-9C19-5278325FCDB2}.Debug|Any CPU.ActiveCfg = Debug|Any CPU
		{3AB9EF54-9737-49ED-9C19-5278325FCDB2}.Debug|Any CPU.Build.0 = Debug|Any CPU
		{3AB9EF54-9737-49ED-9C19-5278325FCDB2}.Release|Any CPU.ActiveCfg = Release|Any CPU
		{3AB9EF54-9737-49ED-9C19-5278325FCDB2}.Release|Any CPU.Build.0 = Release|Any CPU
		{1F0C7B93-5432-43BA-8F2D-1259175255E4}.Debug|Any CPU.ActiveCfg = Debug|Any CPU
		{1F0C7B93-5432-43BA-8F2D-1259175255E4}.Debug|Any CPU.Build.0 = Debug|Any CPU
		{1F0C7B93-5432-43BA-8F2D-1259175255E4}.Release|Any CPU.ActiveCfg = Release|Any CPU
		{1F0C7B93-5432-43BA-8F2D-1259175255E4}.Release|Any CPU.Build.0 = Release|Any CPU
		{D6DA51FE-E01D-461A-8339-C769DA3EBECE}.Debug|Any CPU.ActiveCfg = Debug|Any CPU
		{D6DA51FE-E01D-461A-8339-C769DA3EBECE}.Debug|Any CPU.Build.0 = Debug|Any CPU
		{D6DA51FE-E01D-461A-8339-C769DA3EBECE}.Release|Any CPU.ActiveCfg = Release|Any CPU
		{D6DA51FE-E01D-461A-8339-C769DA3EBECE}.Release|Any CPU.Build.0 = Release|Any CPU
		{738794E5-8D48-415A-A32A-EE7191194D45}.Debug|Any CPU.ActiveCfg = Debug|Any CPU
		{738794E5-8D48-415A-A32A-EE7191194D45}.Debug|Any CPU.Build.0 = Debug|Any CPU
		{738794E5-8D48-415A-A32A-EE7191194D45}.Release|Any CPU.ActiveCfg = Release|Any CPU
		{738794E5-8D48-415A-A32A-EE7191194D45}.Release|Any CPU.Build.0 = Release|Any CPU
	EndGlobalSection
	GlobalSection(SolutionProperties) = preSolution
		HideSolutionNode = FALSE
	EndGlobalSection
	GlobalSection(ExtensibilityGlobals) = postSolution
		SolutionGuid = {2C41DB0F-B10F-4C8B-BF00-158CE90F4777}
	EndGlobalSection
EndGlobal
