
Microsoft Visual Studio Solution File, Format Version 12.00
# Visual Studio 15
VisualStudioVersion = 15.0.27703.2047
MinimumVisualStudioVersion = 10.0.40219.1
Project("{FAE04EC0-301F-11D3-BF4B-00C04F79EFBC}") = "Ejercicio_64", "Ejercicio_64\Ejercicio_64.csproj", "{37BD120A-F967-4DBE-BA1D-59FA6CC2733B}"
EndProject
Project("{FAE04EC0-301F-11D3-BF4B-00C04F79EFBC}") = "Entidades", "Entidades\Entidades.csproj", "{A2418F5B-EF09-4D0A-B7EA-7606A672A51C}"
EndProject
Global
	GlobalSection(SolutionConfigurationPlatforms) = preSolution
		Debug|Any CPU = Debug|Any CPU
		Release|Any CPU = Release|Any CPU
	EndGlobalSection
	GlobalSection(ProjectConfigurationPlatforms) = postSolution
		{37BD120A-F967-4DBE-BA1D-59FA6CC2733B}.Debug|Any CPU.ActiveCfg = Debug|Any CPU
		{37BD120A-F967-4DBE-BA1D-59FA6CC2733B}.Debug|Any CPU.Build.0 = Debug|Any CPU
		{37BD120A-F967-4DBE-BA1D-59FA6CC2733B}.Release|Any CPU.ActiveCfg = Release|Any CPU
		{37BD120A-F967-4DBE-BA1D-59FA6CC2733B}.Release|Any CPU.Build.0 = Release|Any CPU
		{A2418F5B-EF09-4D0A-B7EA-7606A672A51C}.Debug|Any CPU.ActiveCfg = Debug|Any CPU
		{A2418F5B-EF09-4D0A-B7EA-7606A672A51C}.Debug|Any CPU.Build.0 = Debug|Any CPU
		{A2418F5B-EF09-4D0A-B7EA-7606A672A51C}.Release|Any CPU.ActiveCfg = Release|Any CPU
		{A2418F5B-EF09-4D0A-B7EA-7606A672A51C}.Release|Any CPU.Build.0 = Release|Any CPU
	EndGlobalSection
	GlobalSection(SolutionProperties) = preSolution
		HideSolutionNode = FALSE
	EndGlobalSection
	GlobalSection(ExtensibilityGlobals) = postSolution
		SolutionGuid = {B1451C15-18A4-4E6E-AAD1-2147C3CD5962}
	EndGlobalSection
EndGlobal
