
Microsoft Visual Studio Solution File, Format Version 12.00
# Visual Studio 15
VisualStudioVersion = 15.0.28010.2019
MinimumVisualStudioVersion = 10.0.40219.1
Project("{FAE04EC0-301F-11D3-BF4B-00C04F79EFBC}") = "Ejercicio_31", "Clase_09\Ejercicio_31.csproj", "{740F8C16-34C9-488D-B8DC-49C0D8F85D6C}"
EndProject
Project("{FAE04EC0-301F-11D3-BF4B-00C04F79EFBC}") = "Ejercicio_34", "Ejercicio_34\Ejercicio_34.csproj", "{84C3D0B3-7EC4-46DB-8770-DB5BE999049A}"
EndProject
Global
	GlobalSection(SolutionConfigurationPlatforms) = preSolution
		Debug|Any CPU = Debug|Any CPU
		Release|Any CPU = Release|Any CPU
	EndGlobalSection
	GlobalSection(ProjectConfigurationPlatforms) = postSolution
		{740F8C16-34C9-488D-B8DC-49C0D8F85D6C}.Debug|Any CPU.ActiveCfg = Debug|Any CPU
		{740F8C16-34C9-488D-B8DC-49C0D8F85D6C}.Debug|Any CPU.Build.0 = Debug|Any CPU
		{740F8C16-34C9-488D-B8DC-49C0D8F85D6C}.Release|Any CPU.ActiveCfg = Release|Any CPU
		{740F8C16-34C9-488D-B8DC-49C0D8F85D6C}.Release|Any CPU.Build.0 = Release|Any CPU
		{84C3D0B3-7EC4-46DB-8770-DB5BE999049A}.Debug|Any CPU.ActiveCfg = Debug|Any CPU
		{84C3D0B3-7EC4-46DB-8770-DB5BE999049A}.Debug|Any CPU.Build.0 = Debug|Any CPU
		{84C3D0B3-7EC4-46DB-8770-DB5BE999049A}.Release|Any CPU.ActiveCfg = Release|Any CPU
		{84C3D0B3-7EC4-46DB-8770-DB5BE999049A}.Release|Any CPU.Build.0 = Release|Any CPU
	EndGlobalSection
	GlobalSection(SolutionProperties) = preSolution
		HideSolutionNode = FALSE
	EndGlobalSection
	GlobalSection(ExtensibilityGlobals) = postSolution
		SolutionGuid = {B61069AA-F18D-47F1-BA52-C5BC14C2E497}
	EndGlobalSection
EndGlobal
