
Microsoft Visual Studio Solution File, Format Version 12.00
# Visual Studio 15
VisualStudioVersion = 15.0.27703.2047
MinimumVisualStudioVersion = 10.0.40219.1
Project("{FAE04EC0-301F-11D3-BF4B-00C04F79EFBC}") = "Entidades", "Entidades\Entidades.csproj", "{2898E1D6-7567-4515-BE26-327535E6E2D6}"
EndProject
Project("{FAE04EC0-301F-11D3-BF4B-00C04F79EFBC}") = "MainCorreo", "MainCorreo\MainCorreo.csproj", "{43A7C718-D6E7-4A74-A117-8071EE1A29C1}"
EndProject
Project("{FAE04EC0-301F-11D3-BF4B-00C04F79EFBC}") = "TestUnitario", "TestUnitario\TestUnitario.csproj", "{095CF6E9-1A25-4B7A-88CD-645A2CE25EA7}"
EndProject
Global
	GlobalSection(SolutionConfigurationPlatforms) = preSolution
		Debug|Any CPU = Debug|Any CPU
		Release|Any CPU = Release|Any CPU
	EndGlobalSection
	GlobalSection(ProjectConfigurationPlatforms) = postSolution
		{2898E1D6-7567-4515-BE26-327535E6E2D6}.Debug|Any CPU.ActiveCfg = Debug|Any CPU
		{2898E1D6-7567-4515-BE26-327535E6E2D6}.Debug|Any CPU.Build.0 = Debug|Any CPU
		{2898E1D6-7567-4515-BE26-327535E6E2D6}.Release|Any CPU.ActiveCfg = Release|Any CPU
		{2898E1D6-7567-4515-BE26-327535E6E2D6}.Release|Any CPU.Build.0 = Release|Any CPU
		{43A7C718-D6E7-4A74-A117-8071EE1A29C1}.Debug|Any CPU.ActiveCfg = Debug|Any CPU
		{43A7C718-D6E7-4A74-A117-8071EE1A29C1}.Debug|Any CPU.Build.0 = Debug|Any CPU
		{43A7C718-D6E7-4A74-A117-8071EE1A29C1}.Release|Any CPU.ActiveCfg = Release|Any CPU
		{43A7C718-D6E7-4A74-A117-8071EE1A29C1}.Release|Any CPU.Build.0 = Release|Any CPU
		{095CF6E9-1A25-4B7A-88CD-645A2CE25EA7}.Debug|Any CPU.ActiveCfg = Debug|Any CPU
		{095CF6E9-1A25-4B7A-88CD-645A2CE25EA7}.Debug|Any CPU.Build.0 = Debug|Any CPU
		{095CF6E9-1A25-4B7A-88CD-645A2CE25EA7}.Release|Any CPU.ActiveCfg = Release|Any CPU
		{095CF6E9-1A25-4B7A-88CD-645A2CE25EA7}.Release|Any CPU.Build.0 = Release|Any CPU
	EndGlobalSection
	GlobalSection(SolutionProperties) = preSolution
		HideSolutionNode = FALSE
	EndGlobalSection
	GlobalSection(ExtensibilityGlobals) = postSolution
		SolutionGuid = {7F1C58E2-6B99-4BAB-9A24-4B582AAAE753}
	EndGlobalSection
EndGlobal
