
Microsoft Visual Studio Solution File, Format Version 12.00
# Visual Studio 15
VisualStudioVersion = 15.0.28010.2019
MinimumVisualStudioVersion = 10.0.40219.1
Project("{FAE04EC0-301F-11D3-BF4B-00C04F79EFBC}") = "Clase_08", "Clase_08\Clase_08.csproj", "{848804C1-69EC-45CE-8881-C326D753F1A4}"
EndProject
Project("{FAE04EC0-301F-11D3-BF4B-00C04F79EFBC}") = "ClassLibrary1", "ClassLibrary1\ClassLibrary1.csproj", "{7AC130A8-8820-44E1-9EA8-12171DD891D0}"
EndProject
Global
	GlobalSection(SolutionConfigurationPlatforms) = preSolution
		Debug|Any CPU = Debug|Any CPU
		Release|Any CPU = Release|Any CPU
	EndGlobalSection
	GlobalSection(ProjectConfigurationPlatforms) = postSolution
		{848804C1-69EC-45CE-8881-C326D753F1A4}.Debug|Any CPU.ActiveCfg = Debug|Any CPU
		{848804C1-69EC-45CE-8881-C326D753F1A4}.Debug|Any CPU.Build.0 = Debug|Any CPU
		{848804C1-69EC-45CE-8881-C326D753F1A4}.Release|Any CPU.ActiveCfg = Release|Any CPU
		{848804C1-69EC-45CE-8881-C326D753F1A4}.Release|Any CPU.Build.0 = Release|Any CPU
		{7AC130A8-8820-44E1-9EA8-12171DD891D0}.Debug|Any CPU.ActiveCfg = Debug|Any CPU
		{7AC130A8-8820-44E1-9EA8-12171DD891D0}.Debug|Any CPU.Build.0 = Debug|Any CPU
		{7AC130A8-8820-44E1-9EA8-12171DD891D0}.Release|Any CPU.ActiveCfg = Release|Any CPU
		{7AC130A8-8820-44E1-9EA8-12171DD891D0}.Release|Any CPU.Build.0 = Release|Any CPU
	EndGlobalSection
	GlobalSection(SolutionProperties) = preSolution
		HideSolutionNode = FALSE
	EndGlobalSection
	GlobalSection(ExtensibilityGlobals) = postSolution
		SolutionGuid = {BF3CCC84-097C-4C44-862F-D0AD59C4672B}
	EndGlobalSection
EndGlobal
