
Microsoft Visual Studio Solution File, Format Version 12.00
# Visual Studio 15
VisualStudioVersion = 15.0.28307.136
MinimumVisualStudioVersion = 10.0.40219.1
Project("{FAE04EC0-301F-11D3-BF4B-00C04F79EFBC}") = "Ejercicio_57", "Ejercicio_57\Ejercicio_57.csproj", "{D95732ED-32AC-484D-98E3-50AF93CAAFE8}"
EndProject
Global
	GlobalSection(SolutionConfigurationPlatforms) = preSolution
		Debug|Any CPU = Debug|Any CPU
		Release|Any CPU = Release|Any CPU
	EndGlobalSection
	GlobalSection(ProjectConfigurationPlatforms) = postSolution
		{D95732ED-32AC-484D-98E3-50AF93CAAFE8}.Debug|Any CPU.ActiveCfg = Debug|Any CPU
		{D95732ED-32AC-484D-98E3-50AF93CAAFE8}.Debug|Any CPU.Build.0 = Debug|Any CPU
		{D95732ED-32AC-484D-98E3-50AF93CAAFE8}.Release|Any CPU.ActiveCfg = Release|Any CPU
		{D95732ED-32AC-484D-98E3-50AF93CAAFE8}.Release|Any CPU.Build.0 = Release|Any CPU
	EndGlobalSection
	GlobalSection(SolutionProperties) = preSolution
		HideSolutionNode = FALSE
	EndGlobalSection
	GlobalSection(ExtensibilityGlobals) = postSolution
		SolutionGuid = {CD074B1A-D3EE-4B79-8A2C-CBCA4DD1660E}
	EndGlobalSection
EndGlobal
