
Microsoft Visual Studio Solution File, Format Version 12.00
# Visual Studio 15
VisualStudioVersion = 15.0.28010.2019
MinimumVisualStudioVersion = 10.0.40219.1
Project("{FAE04EC0-301F-11D3-BF4B-00C04F79EFBC}") = "Entidades", "Entidades\Entidades.csproj", "{EC3ABFA6-067E-4DF7-A118-6D4C798DD4AE}"
EndProject
Project("{FAE04EC0-301F-11D3-BF4B-00C04F79EFBC}") = "VistaForm", "VistaForm\VistaForm.csproj", "{B3DACB3F-0C4F-4DF6-8656-D50F30EB1807}"
EndProject
Global
	GlobalSection(SolutionConfigurationPlatforms) = preSolution
		Debug|Any CPU = Debug|Any CPU
		Release|Any CPU = Release|Any CPU
	EndGlobalSection
	GlobalSection(ProjectConfigurationPlatforms) = postSolution
		{EC3ABFA6-067E-4DF7-A118-6D4C798DD4AE}.Debug|Any CPU.ActiveCfg = Debug|Any CPU
		{EC3ABFA6-067E-4DF7-A118-6D4C798DD4AE}.Debug|Any CPU.Build.0 = Debug|Any CPU
		{EC3ABFA6-067E-4DF7-A118-6D4C798DD4AE}.Release|Any CPU.ActiveCfg = Release|Any CPU
		{EC3ABFA6-067E-4DF7-A118-6D4C798DD4AE}.Release|Any CPU.Build.0 = Release|Any CPU
		{B3DACB3F-0C4F-4DF6-8656-D50F30EB1807}.Debug|Any CPU.ActiveCfg = Debug|Any CPU
		{B3DACB3F-0C4F-4DF6-8656-D50F30EB1807}.Debug|Any CPU.Build.0 = Debug|Any CPU
		{B3DACB3F-0C4F-4DF6-8656-D50F30EB1807}.Release|Any CPU.ActiveCfg = Release|Any CPU
		{B3DACB3F-0C4F-4DF6-8656-D50F30EB1807}.Release|Any CPU.Build.0 = Release|Any CPU
	EndGlobalSection
	GlobalSection(SolutionProperties) = preSolution
		HideSolutionNode = FALSE
	EndGlobalSection
	GlobalSection(ExtensibilityGlobals) = postSolution
		SolutionGuid = {6F383528-C06A-4EEF-A9E1-038DB973704F}
	EndGlobalSection
EndGlobal
