
Microsoft Visual Studio Solution File, Format Version 12.00
# Visual Studio 15
VisualStudioVersion = 15.0.27703.2047
MinimumVisualStudioVersion = 10.0.40219.1
Project("{FAE04EC0-301F-11D3-BF4B-00C04F79EFBC}") = "Ejercico_23", "Ejercico_23\Ejercico_23.csproj", "{A6D25CAE-6F98-424E-8048-27AB72B934A0}"
EndProject
Project("{FAE04EC0-301F-11D3-BF4B-00C04F79EFBC}") = "Billetes", "Billetes\Billetes.csproj", "{42AE6773-CAB2-4ED9-B029-5C31048EA161}"
EndProject
Global
	GlobalSection(SolutionConfigurationPlatforms) = preSolution
		Debug|Any CPU = Debug|Any CPU
		Release|Any CPU = Release|Any CPU
	EndGlobalSection
	GlobalSection(ProjectConfigurationPlatforms) = postSolution
		{A6D25CAE-6F98-424E-8048-27AB72B934A0}.Debug|Any CPU.ActiveCfg = Debug|Any CPU
		{A6D25CAE-6F98-424E-8048-27AB72B934A0}.Debug|Any CPU.Build.0 = Debug|Any CPU
		{A6D25CAE-6F98-424E-8048-27AB72B934A0}.Release|Any CPU.ActiveCfg = Release|Any CPU
		{A6D25CAE-6F98-424E-8048-27AB72B934A0}.Release|Any CPU.Build.0 = Release|Any CPU
		{42AE6773-CAB2-4ED9-B029-5C31048EA161}.Debug|Any CPU.ActiveCfg = Debug|Any CPU
		{42AE6773-CAB2-4ED9-B029-5C31048EA161}.Debug|Any CPU.Build.0 = Debug|Any CPU
		{42AE6773-CAB2-4ED9-B029-5C31048EA161}.Release|Any CPU.ActiveCfg = Release|Any CPU
		{42AE6773-CAB2-4ED9-B029-5C31048EA161}.Release|Any CPU.Build.0 = Release|Any CPU
	EndGlobalSection
	GlobalSection(SolutionProperties) = preSolution
		HideSolutionNode = FALSE
	EndGlobalSection
	GlobalSection(ExtensibilityGlobals) = postSolution
		SolutionGuid = {B725D144-3669-410F-99F8-D832D8C54010}
	EndGlobalSection
EndGlobal
