
Microsoft Visual Studio Solution File, Format Version 12.00
# Visual Studio 15
VisualStudioVersion = 15.0.28010.2019
MinimumVisualStudioVersion = 10.0.40219.1
Project("{FAE04EC0-301F-11D3-BF4B-00C04F79EFBC}") = "Clase_07", "Clase_07\Clase_07.csproj", "{CFADA834-8254-4C0E-8D62-3B84C719F0AD}"
EndProject
Project("{FAE04EC0-301F-11D3-BF4B-00C04F79EFBC}") = "Moneda", "Moneda\Moneda.csproj", "{C8FF9F3B-5F2A-488E-B551-B036338D178D}"
EndProject
Global
	GlobalSection(SolutionConfigurationPlatforms) = preSolution
		Debug|Any CPU = Debug|Any CPU
		Release|Any CPU = Release|Any CPU
	EndGlobalSection
	GlobalSection(ProjectConfigurationPlatforms) = postSolution
		{CFADA834-8254-4C0E-8D62-3B84C719F0AD}.Debug|Any CPU.ActiveCfg = Debug|Any CPU
		{CFADA834-8254-4C0E-8D62-3B84C719F0AD}.Debug|Any CPU.Build.0 = Debug|Any CPU
		{CFADA834-8254-4C0E-8D62-3B84C719F0AD}.Release|Any CPU.ActiveCfg = Release|Any CPU
		{CFADA834-8254-4C0E-8D62-3B84C719F0AD}.Release|Any CPU.Build.0 = Release|Any CPU
		{C8FF9F3B-5F2A-488E-B551-B036338D178D}.Debug|Any CPU.ActiveCfg = Debug|Any CPU
		{C8FF9F3B-5F2A-488E-B551-B036338D178D}.Debug|Any CPU.Build.0 = Debug|Any CPU
		{C8FF9F3B-5F2A-488E-B551-B036338D178D}.Release|Any CPU.ActiveCfg = Release|Any CPU
		{C8FF9F3B-5F2A-488E-B551-B036338D178D}.Release|Any CPU.Build.0 = Release|Any CPU
	EndGlobalSection
	GlobalSection(SolutionProperties) = preSolution
		HideSolutionNode = FALSE
	EndGlobalSection
	GlobalSection(ExtensibilityGlobals) = postSolution
		SolutionGuid = {63E4562F-79B0-42DB-AED1-9D309B0A0AF6}
	EndGlobalSection
EndGlobal
